
Microsoft Visual Studio Solution File, Format Version 12.00
# Visual Studio 15
VisualStudioVersion = 15.0.26124.0
MinimumVisualStudioVersion = 15.0.26124.0
Project("{FAE04EC0-301F-11D3-BF4B-00C04F79EFBC}") = "WebAPI", "WebAPI\WebAPI.csproj", "{CBB3ED89-ED59-49F3-981F-85CD9D2EBD52}"
EndProject
Project("{FAE04EC0-301F-11D3-BF4B-00C04F79EFBC}") = "Application", "Application\Application.csproj", "{C02CDF51-0A51-4B77-BE6C-5B300E89F28F}"
EndProject
Project("{FAE04EC0-301F-11D3-BF4B-00C04F79EFBC}") = "Domain", "Domain\Domain.csproj", "{BF3C0F73-8A31-4E7F-BA84-2265F013E53D}"
EndProject
Project("{FAE04EC0-301F-11D3-BF4B-00C04F79EFBC}") = "Infra.Repository", "Infra.Repository\Infra.Repository.csproj", "{2C341BEC-FB53-4416-8A42-B8652B2B4BAF}"
EndProject
Global
	GlobalSection(SolutionConfigurationPlatforms) = preSolution
		Debug|Any CPU = Debug|Any CPU
		Debug|x64 = Debug|x64
		Debug|x86 = Debug|x86
		Release|Any CPU = Release|Any CPU
		Release|x64 = Release|x64
		Release|x86 = Release|x86
	EndGlobalSection
	GlobalSection(SolutionProperties) = preSolution
		HideSolutionNode = FALSE
	EndGlobalSection
	GlobalSection(ProjectConfigurationPlatforms) = postSolution
		{CBB3ED89-ED59-49F3-981F-85CD9D2EBD52}.Debug|Any CPU.ActiveCfg = Debug|Any CPU
		{CBB3ED89-ED59-49F3-981F-85CD9D2EBD52}.Debug|Any CPU.Build.0 = Debug|Any CPU
		{CBB3ED89-ED59-49F3-981F-85CD9D2EBD52}.Debug|x64.ActiveCfg = Debug|Any CPU
		{CBB3ED89-ED59-49F3-981F-85CD9D2EBD52}.Debug|x64.Build.0 = Debug|Any CPU
		{CBB3ED89-ED59-49F3-981F-85CD9D2EBD52}.Debug|x86.ActiveCfg = Debug|Any CPU
		{CBB3ED89-ED59-49F3-981F-85CD9D2EBD52}.Debug|x86.Build.0 = Debug|Any CPU
		{CBB3ED89-ED59-49F3-981F-85CD9D2EBD52}.Release|Any CPU.ActiveCfg = Release|Any CPU
		{CBB3ED89-ED59-49F3-981F-85CD9D2EBD52}.Release|Any CPU.Build.0 = Release|Any CPU
		{CBB3ED89-ED59-49F3-981F-85CD9D2EBD52}.Release|x64.ActiveCfg = Release|Any CPU
		{CBB3ED89-ED59-49F3-981F-85CD9D2EBD52}.Release|x64.Build.0 = Release|Any CPU
		{CBB3ED89-ED59-49F3-981F-85CD9D2EBD52}.Release|x86.ActiveCfg = Release|Any CPU
		{CBB3ED89-ED59-49F3-981F-85CD9D2EBD52}.Release|x86.Build.0 = Release|Any CPU
		{C02CDF51-0A51-4B77-BE6C-5B300E89F28F}.Debug|Any CPU.ActiveCfg = Debug|Any CPU
		{C02CDF51-0A51-4B77-BE6C-5B300E89F28F}.Debug|Any CPU.Build.0 = Debug|Any CPU
		{C02CDF51-0A51-4B77-BE6C-5B300E89F28F}.Debug|x64.ActiveCfg = Debug|Any CPU
		{C02CDF51-0A51-4B77-BE6C-5B300E89F28F}.Debug|x64.Build.0 = Debug|Any CPU
		{C02CDF51-0A51-4B77-BE6C-5B300E89F28F}.Debug|x86.ActiveCfg = Debug|Any CPU
		{C02CDF51-0A51-4B77-BE6C-5B300E89F28F}.Debug|x86.Build.0 = Debug|Any CPU
		{C02CDF51-0A51-4B77-BE6C-5B300E89F28F}.Release|Any CPU.ActiveCfg = Release|Any CPU
		{C02CDF51-0A51-4B77-BE6C-5B300E89F28F}.Release|Any CPU.Build.0 = Release|Any CPU
		{C02CDF51-0A51-4B77-BE6C-5B300E89F28F}.Release|x64.ActiveCfg = Release|Any CPU
		{C02CDF51-0A51-4B77-BE6C-5B300E89F28F}.Release|x64.Build.0 = Release|Any CPU
		{C02CDF51-0A51-4B77-BE6C-5B300E89F28F}.Release|x86.ActiveCfg = Release|Any CPU
		{C02CDF51-0A51-4B77-BE6C-5B300E89F28F}.Release|x86.Build.0 = Release|Any CPU
		{BF3C0F73-8A31-4E7F-BA84-2265F013E53D}.Debug|Any CPU.ActiveCfg = Debug|Any CPU
		{BF3C0F73-8A31-4E7F-BA84-2265F013E53D}.Debug|Any CPU.Build.0 = Debug|Any CPU
		{BF3C0F73-8A31-4E7F-BA84-2265F013E53D}.Debug|x64.ActiveCfg = Debug|Any CPU
		{BF3C0F73-8A31-4E7F-BA84-2265F013E53D}.Debug|x64.Build.0 = Debug|Any CPU
		{BF3C0F73-8A31-4E7F-BA84-2265F013E53D}.Debug|x86.ActiveCfg = Debug|Any CPU
		{BF3C0F73-8A31-4E7F-BA84-2265F013E53D}.Debug|x86.Build.0 = Debug|Any CPU
		{BF3C0F73-8A31-4E7F-BA84-2265F013E53D}.Release|Any CPU.ActiveCfg = Release|Any CPU
		{BF3C0F73-8A31-4E7F-BA84-2265F013E53D}.Release|Any CPU.Build.0 = Release|Any CPU
		{BF3C0F73-8A31-4E7F-BA84-2265F013E53D}.Release|x64.ActiveCfg = Release|Any CPU
		{BF3C0F73-8A31-4E7F-BA84-2265F013E53D}.Release|x64.Build.0 = Release|Any CPU
		{BF3C0F73-8A31-4E7F-BA84-2265F013E53D}.Release|x86.ActiveCfg = Release|Any CPU
		{BF3C0F73-8A31-4E7F-BA84-2265F013E53D}.Release|x86.Build.0 = Release|Any CPU
		{2C341BEC-FB53-4416-8A42-B8652B2B4BAF}.Debug|Any CPU.ActiveCfg = Debug|Any CPU
		{2C341BEC-FB53-4416-8A42-B8652B2B4BAF}.Debug|Any CPU.Build.0 = Debug|Any CPU
		{2C341BEC-FB53-4416-8A42-B8652B2B4BAF}.Debug|x64.ActiveCfg = Debug|Any CPU
		{2C341BEC-FB53-4416-8A42-B8652B2B4BAF}.Debug|x64.Build.0 = Debug|Any CPU
		{2C341BEC-FB53-4416-8A42-B8652B2B4BAF}.Debug|x86.ActiveCfg = Debug|Any CPU
		{2C341BEC-FB53-4416-8A42-B8652B2B4BAF}.Debug|x86.Build.0 = Debug|Any CPU
		{2C341BEC-FB53-4416-8A42-B8652B2B4BAF}.Release|Any CPU.ActiveCfg = Release|Any CPU
		{2C341BEC-FB53-4416-8A42-B8652B2B4BAF}.Release|Any CPU.Build.0 = Release|Any CPU
		{2C341BEC-FB53-4416-8A42-B8652B2B4BAF}.Release|x64.ActiveCfg = Release|Any CPU
		{2C341BEC-FB53-4416-8A42-B8652B2B4BAF}.Release|x64.Build.0 = Release|Any CPU
		{2C341BEC-FB53-4416-8A42-B8652B2B4BAF}.Release|x86.ActiveCfg = Release|Any CPU
		{2C341BEC-FB53-4416-8A42-B8652B2B4BAF}.Release|x86.Build.0 = Release|Any CPU
	EndGlobalSection
EndGlobal
